
Microsoft Visual Studio Solution File, Format Version 12.00
# Visual Studio 15
VisualStudioVersion = 15.0.28010.2026
MinimumVisualStudioVersion = 10.0.40219.1
Project("{9A19103F-16F7-4668-BE54-9A1E7A4F7556}") = "01.ReverseString", "01.Reverse\01.ReverseString.csproj", "{7CCF1B11-BBDE-4D1A-9658-A668DB66B6DE}"
EndProject
Project("{9A19103F-16F7-4668-BE54-9A1E7A4F7556}") = "02.RepeatStings", "02.RepeatStings\02.RepeatStings.csproj", "{E6F0C6B1-D0AD-4832-84C3-E0410CF68F0C}"
EndProject
Project("{9A19103F-16F7-4668-BE54-9A1E7A4F7556}") = "03.Substring", "03.Substring\03.Substring.csproj", "{AB9A4D54-52B1-494D-8C02-0B94BAD4350B}"
EndProject
Project("{9A19103F-16F7-4668-BE54-9A1E7A4F7556}") = "04.TextFilter", "04.TextFilter\04.TextFilter.csproj", "{0B8102D2-8979-4C78-A7AC-F3E86F500016}"
EndProject
Project("{FAE04EC0-301F-11D3-BF4B-00C04F79EFBC}") = "05.DigitLettersOthers", "05.DigitLettersOthers\05.DigitLettersOthers.csproj", "{1EF735FB-98C6-4763-B4CC-B5AEF2DAF96E}"
EndProject
Project("{FAE04EC0-301F-11D3-BF4B-00C04F79EFBC}") = "06.ValidUsername", "06.ValidUsername\06.ValidUsername.csproj", "{C4C271C6-7234-4B95-B030-50DA4DC5A6C5}"
EndProject
Project("{FAE04EC0-301F-11D3-BF4B-00C04F79EFBC}") = "07.CharacterMultiplier", "07.CharacterMultiplier\07.CharacterMultiplier.csproj", "{C348960C-6C11-4A8D-A29E-F617C2CAB4FE}"
EndProject
Project("{FAE04EC0-301F-11D3-BF4B-00C04F79EFBC}") = "08.ExtractFile", "08.ExtractFile\08.ExtractFile.csproj", "{9EED08F1-853D-4962-AD45-F59F1E8A7ABE}"
EndProject
Project("{FAE04EC0-301F-11D3-BF4B-00C04F79EFBC}") = "09.CaesarCipher", "09.CaesarCipher\09.CaesarCipher.csproj", "{70F3F9F0-D2E0-4F49-B5D9-9B5C1817AF23}"
EndProject
Project("{FAE04EC0-301F-11D3-BF4B-00C04F79EFBC}") = "10.MultiplyBigNumbers", "10.MultiplyBigNumbers\10.MultiplyBigNumbers.csproj", "{6403EC65-151F-41AD-8E73-EA9DFD8195D3}"
EndProject
Project("{FAE04EC0-301F-11D3-BF4B-00C04F79EFBC}") = "11.ReplaceRepeatingChars", "11.ReplaceRepeatingChars\11.ReplaceRepeatingChars.csproj", "{280AF516-2C7F-4E58-8E61-B2A4F4130B24}"
EndProject
Project("{FAE04EC0-301F-11D3-BF4B-00C04F79EFBC}") = "12.StringExplosion", "12.StringExplosion\12.StringExplosion.csproj", "{A2527F96-1B2A-46B4-83B3-BF7F6F14F008}"
EndProject
Global
	GlobalSection(SolutionConfigurationPlatforms) = preSolution
		Debug|Any CPU = Debug|Any CPU
		Release|Any CPU = Release|Any CPU
	EndGlobalSection
	GlobalSection(ProjectConfigurationPlatforms) = postSolution
		{7CCF1B11-BBDE-4D1A-9658-A668DB66B6DE}.Debug|Any CPU.ActiveCfg = Debug|Any CPU
		{7CCF1B11-BBDE-4D1A-9658-A668DB66B6DE}.Debug|Any CPU.Build.0 = Debug|Any CPU
		{7CCF1B11-BBDE-4D1A-9658-A668DB66B6DE}.Release|Any CPU.ActiveCfg = Release|Any CPU
		{7CCF1B11-BBDE-4D1A-9658-A668DB66B6DE}.Release|Any CPU.Build.0 = Release|Any CPU
		{E6F0C6B1-D0AD-4832-84C3-E0410CF68F0C}.Debug|Any CPU.ActiveCfg = Debug|Any CPU
		{E6F0C6B1-D0AD-4832-84C3-E0410CF68F0C}.Debug|Any CPU.Build.0 = Debug|Any CPU
		{E6F0C6B1-D0AD-4832-84C3-E0410CF68F0C}.Release|Any CPU.ActiveCfg = Release|Any CPU
		{E6F0C6B1-D0AD-4832-84C3-E0410CF68F0C}.Release|Any CPU.Build.0 = Release|Any CPU
		{AB9A4D54-52B1-494D-8C02-0B94BAD4350B}.Debug|Any CPU.ActiveCfg = Debug|Any CPU
		{AB9A4D54-52B1-494D-8C02-0B94BAD4350B}.Debug|Any CPU.Build.0 = Debug|Any CPU
		{AB9A4D54-52B1-494D-8C02-0B94BAD4350B}.Release|Any CPU.ActiveCfg = Release|Any CPU
		{AB9A4D54-52B1-494D-8C02-0B94BAD4350B}.Release|Any CPU.Build.0 = Release|Any CPU
		{0B8102D2-8979-4C78-A7AC-F3E86F500016}.Debug|Any CPU.ActiveCfg = Debug|Any CPU
		{0B8102D2-8979-4C78-A7AC-F3E86F500016}.Debug|Any CPU.Build.0 = Debug|Any CPU
		{0B8102D2-8979-4C78-A7AC-F3E86F500016}.Release|Any CPU.ActiveCfg = Release|Any CPU
		{0B8102D2-8979-4C78-A7AC-F3E86F500016}.Release|Any CPU.Build.0 = Release|Any CPU
		{1EF735FB-98C6-4763-B4CC-B5AEF2DAF96E}.Debug|Any CPU.ActiveCfg = Debug|Any CPU
		{1EF735FB-98C6-4763-B4CC-B5AEF2DAF96E}.Debug|Any CPU.Build.0 = Debug|Any CPU
		{1EF735FB-98C6-4763-B4CC-B5AEF2DAF96E}.Release|Any CPU.ActiveCfg = Release|Any CPU
		{1EF735FB-98C6-4763-B4CC-B5AEF2DAF96E}.Release|Any CPU.Build.0 = Release|Any CPU
		{C4C271C6-7234-4B95-B030-50DA4DC5A6C5}.Debug|Any CPU.ActiveCfg = Debug|Any CPU
		{C4C271C6-7234-4B95-B030-50DA4DC5A6C5}.Debug|Any CPU.Build.0 = Debug|Any CPU
		{C4C271C6-7234-4B95-B030-50DA4DC5A6C5}.Release|Any CPU.ActiveCfg = Release|Any CPU
		{C4C271C6-7234-4B95-B030-50DA4DC5A6C5}.Release|Any CPU.Build.0 = Release|Any CPU
		{C348960C-6C11-4A8D-A29E-F617C2CAB4FE}.Debug|Any CPU.ActiveCfg = Debug|Any CPU
		{C348960C-6C11-4A8D-A29E-F617C2CAB4FE}.Debug|Any CPU.Build.0 = Debug|Any CPU
		{C348960C-6C11-4A8D-A29E-F617C2CAB4FE}.Release|Any CPU.ActiveCfg = Release|Any CPU
		{C348960C-6C11-4A8D-A29E-F617C2CAB4FE}.Release|Any CPU.Build.0 = Release|Any CPU
		{9EED08F1-853D-4962-AD45-F59F1E8A7ABE}.Debug|Any CPU.ActiveCfg = Debug|Any CPU
		{9EED08F1-853D-4962-AD45-F59F1E8A7ABE}.Debug|Any CPU.Build.0 = Debug|Any CPU
		{9EED08F1-853D-4962-AD45-F59F1E8A7ABE}.Release|Any CPU.ActiveCfg = Release|Any CPU
		{9EED08F1-853D-4962-AD45-F59F1E8A7ABE}.Release|Any CPU.Build.0 = Release|Any CPU
		{70F3F9F0-D2E0-4F49-B5D9-9B5C1817AF23}.Debug|Any CPU.ActiveCfg = Debug|Any CPU
		{70F3F9F0-D2E0-4F49-B5D9-9B5C1817AF23}.Debug|Any CPU.Build.0 = Debug|Any CPU
		{70F3F9F0-D2E0-4F49-B5D9-9B5C1817AF23}.Release|Any CPU.ActiveCfg = Release|Any CPU
		{70F3F9F0-D2E0-4F49-B5D9-9B5C1817AF23}.Release|Any CPU.Build.0 = Release|Any CPU
		{6403EC65-151F-41AD-8E73-EA9DFD8195D3}.Debug|Any CPU.ActiveCfg = Debug|Any CPU
		{6403EC65-151F-41AD-8E73-EA9DFD8195D3}.Debug|Any CPU.Build.0 = Debug|Any CPU
		{6403EC65-151F-41AD-8E73-EA9DFD8195D3}.Release|Any CPU.ActiveCfg = Release|Any CPU
		{6403EC65-151F-41AD-8E73-EA9DFD8195D3}.Release|Any CPU.Build.0 = Release|Any CPU
		{280AF516-2C7F-4E58-8E61-B2A4F4130B24}.Debug|Any CPU.ActiveCfg = Debug|Any CPU
		{280AF516-2C7F-4E58-8E61-B2A4F4130B24}.Debug|Any CPU.Build.0 = Debug|Any CPU
		{280AF516-2C7F-4E58-8E61-B2A4F4130B24}.Release|Any CPU.ActiveCfg = Release|Any CPU
		{280AF516-2C7F-4E58-8E61-B2A4F4130B24}.Release|Any CPU.Build.0 = Release|Any CPU
		{A2527F96-1B2A-46B4-83B3-BF7F6F14F008}.Debug|Any CPU.ActiveCfg = Debug|Any CPU
		{A2527F96-1B2A-46B4-83B3-BF7F6F14F008}.Debug|Any CPU.Build.0 = Debug|Any CPU
		{A2527F96-1B2A-46B4-83B3-BF7F6F14F008}.Release|Any CPU.ActiveCfg = Release|Any CPU
		{A2527F96-1B2A-46B4-83B3-BF7F6F14F008}.Release|Any CPU.Build.0 = Release|Any CPU
	EndGlobalSection
	GlobalSection(SolutionProperties) = preSolution
		HideSolutionNode = FALSE
	EndGlobalSection
	GlobalSection(ExtensibilityGlobals) = postSolution
		SolutionGuid = {9F22E4F7-3A03-4A1A-A40B-1FFC2EB82A8E}
	EndGlobalSection
EndGlobal
