
Microsoft Visual Studio Solution File, Format Version 12.00
# Visual Studio 15
VisualStudioVersion = 15.0.28307.572
MinimumVisualStudioVersion = 10.0.40219.1
Project("{9A19103F-16F7-4668-BE54-9A1E7A4F7556}") = "1.VaporWinterSale", "1.VaporWinterSale\1.VaporWinterSale.csproj", "{6E137FEB-6598-4B0F-B939-C5D922963BE5}"
EndProject
Project("{FAE04EC0-301F-11D3-BF4B-00C04F79EFBC}") = "2ActivationKeys", "2ActivationKeys\2ActivationKeys.csproj", "{1846E7B2-A126-442B-AFD2-607A03F4EA4A}"
EndProject
Global
	GlobalSection(SolutionConfigurationPlatforms) = preSolution
		Debug|Any CPU = Debug|Any CPU
		Release|Any CPU = Release|Any CPU
	EndGlobalSection
	GlobalSection(ProjectConfigurationPlatforms) = postSolution
		{6E137FEB-6598-4B0F-B939-C5D922963BE5}.Debug|Any CPU.ActiveCfg = Debug|Any CPU
		{6E137FEB-6598-4B0F-B939-C5D922963BE5}.Debug|Any CPU.Build.0 = Debug|Any CPU
		{6E137FEB-6598-4B0F-B939-C5D922963BE5}.Release|Any CPU.ActiveCfg = Release|Any CPU
		{6E137FEB-6598-4B0F-B939-C5D922963BE5}.Release|Any CPU.Build.0 = Release|Any CPU
		{1846E7B2-A126-442B-AFD2-607A03F4EA4A}.Debug|Any CPU.ActiveCfg = Debug|Any CPU
		{1846E7B2-A126-442B-AFD2-607A03F4EA4A}.Debug|Any CPU.Build.0 = Debug|Any CPU
		{1846E7B2-A126-442B-AFD2-607A03F4EA4A}.Release|Any CPU.ActiveCfg = Release|Any CPU
		{1846E7B2-A126-442B-AFD2-607A03F4EA4A}.Release|Any CPU.Build.0 = Release|Any CPU
	EndGlobalSection
	GlobalSection(SolutionProperties) = preSolution
		HideSolutionNode = FALSE
	EndGlobalSection
	GlobalSection(ExtensibilityGlobals) = postSolution
		SolutionGuid = {42275616-C60E-430D-B611-475417BCC703}
	EndGlobalSection
EndGlobal
