
Microsoft Visual Studio Solution File, Format Version 12.00
# Visual Studio 15
VisualStudioVersion = 15.0.28307.168
MinimumVisualStudioVersion = 10.0.40219.1
Project("{FAE04EC0-301F-11D3-BF4B-00C04F79EFBC}") = "CountriesList", "CountriesList\CountriesList.csproj", "{EDD556BE-DFBD-4B60-B0B8-C672CA439A42}"
EndProject
Global
	GlobalSection(SolutionConfigurationPlatforms) = preSolution
		Debug|Any CPU = Debug|Any CPU
		Release|Any CPU = Release|Any CPU
	EndGlobalSection
	GlobalSection(ProjectConfigurationPlatforms) = postSolution
		{EDD556BE-DFBD-4B60-B0B8-C672CA439A42}.Debug|Any CPU.ActiveCfg = Debug|Any CPU
		{EDD556BE-DFBD-4B60-B0B8-C672CA439A42}.Debug|Any CPU.Build.0 = Debug|Any CPU
		{EDD556BE-DFBD-4B60-B0B8-C672CA439A42}.Release|Any CPU.ActiveCfg = Release|Any CPU
		{EDD556BE-DFBD-4B60-B0B8-C672CA439A42}.Release|Any CPU.Build.0 = Release|Any CPU
	EndGlobalSection
	GlobalSection(SolutionProperties) = preSolution
		HideSolutionNode = FALSE
	EndGlobalSection
	GlobalSection(ExtensibilityGlobals) = postSolution
		SolutionGuid = {14910917-DB83-4248-B4A0-629D542A9E6C}
	EndGlobalSection
EndGlobal
