
Microsoft Visual Studio Solution File, Format Version 12.00
# Visual Studio 15
VisualStudioVersion = 15.0.28307.572
MinimumVisualStudioVersion = 10.0.40219.1
Project("{9A19103F-16F7-4668-BE54-9A1E7A4F7556}") = "1.ArrivingInKathmandu", "1.ArrivingInKathmandu\1.ArrivingInKathmandu.csproj", "{CCEF273D-5A4A-4F86-A0DD-59D0182C7B6A}"
EndProject
Project("{FAE04EC0-301F-11D3-BF4B-00C04F79EFBC}") = "2.OnTheWayToAnnapurna", "2.OnTheWayToAnnapurna\2.OnTheWayToAnnapurna.csproj", "{3D323CB2-A56C-4EDB-9C67-E077A3449357}"
EndProject
Global
	GlobalSection(SolutionConfigurationPlatforms) = preSolution
		Debug|Any CPU = Debug|Any CPU
		Release|Any CPU = Release|Any CPU
	EndGlobalSection
	GlobalSection(ProjectConfigurationPlatforms) = postSolution
		{CCEF273D-5A4A-4F86-A0DD-59D0182C7B6A}.Debug|Any CPU.ActiveCfg = Debug|Any CPU
		{CCEF273D-5A4A-4F86-A0DD-59D0182C7B6A}.Debug|Any CPU.Build.0 = Debug|Any CPU
		{CCEF273D-5A4A-4F86-A0DD-59D0182C7B6A}.Release|Any CPU.ActiveCfg = Release|Any CPU
		{CCEF273D-5A4A-4F86-A0DD-59D0182C7B6A}.Release|Any CPU.Build.0 = Release|Any CPU
		{3D323CB2-A56C-4EDB-9C67-E077A3449357}.Debug|Any CPU.ActiveCfg = Debug|Any CPU
		{3D323CB2-A56C-4EDB-9C67-E077A3449357}.Debug|Any CPU.Build.0 = Debug|Any CPU
		{3D323CB2-A56C-4EDB-9C67-E077A3449357}.Release|Any CPU.ActiveCfg = Release|Any CPU
		{3D323CB2-A56C-4EDB-9C67-E077A3449357}.Release|Any CPU.Build.0 = Release|Any CPU
	EndGlobalSection
	GlobalSection(SolutionProperties) = preSolution
		HideSolutionNode = FALSE
	EndGlobalSection
	GlobalSection(ExtensibilityGlobals) = postSolution
		SolutionGuid = {1612577B-09E3-4D5F-89EA-F3D31BEFE577}
	EndGlobalSection
EndGlobal
